
Microsoft Visual Studio Solution File, Format Version 12.00
# Visual Studio 15
VisualStudioVersion = 15.0.27428.2011
MinimumVisualStudioVersion = 10.0.40219.1
Project("{FAE04EC0-301F-11D3-BF4B-00C04F79EFBC}") = "DevCodePOC.Android", "DevCodePOC.Android\DevCodePOC.Android.csproj", "{D8BF71B4-994D-47BD-8371-FCA1BF5C30BB}"
EndProject
Project("{FAE04EC0-301F-11D3-BF4B-00C04F79EFBC}") = "DevCodePOC.iOS", "DevCodePOC.iOS\DevCodePOC.iOS.csproj", "{B838F00D-A41D-47D8-8A38-B06AD57D6F38}"
EndProject
Project("{2150E333-8FDC-42A3-9474-1A3956D46DE8}") = "Tests", "Tests", "{21FBFA5E-EB4A-45FA-921E-DD1289B745D4}"
EndProject
Project("{FAE04EC0-301F-11D3-BF4B-00C04F79EFBC}") = "DevCodePOC", "DevCodePOC\DevCodePOC.csproj", "{69D24528-D7BE-4170-B57D-856F806B0FAE}"
EndProject
Project("{FAE04EC0-301F-11D3-BF4B-00C04F79EFBC}") = "DevCodePOC.UnitTest", "DevCodePOC.xUnitTest\DevCodePOC.UnitTest.csproj", "{487191D6-C9BC-4842-A5A0-7CC9BC7940CC}"
EndProject
Project("{FAE04EC0-301F-11D3-BF4B-00C04F79EFBC}") = "DevCodePOC.UITest", "DevCodePOC.UITest\DevCodePOC.UITest.csproj", "{86F4F169-D42C-4BC4-BE2A-94ACEFCB1DBA}"
EndProject
Global
	GlobalSection(SolutionConfigurationPlatforms) = preSolution
		Ad-Hoc|Any CPU = Ad-Hoc|Any CPU
		Ad-Hoc|ARM = Ad-Hoc|ARM
		Ad-Hoc|iPhone = Ad-Hoc|iPhone
		Ad-Hoc|iPhoneSimulator = Ad-Hoc|iPhoneSimulator
		Ad-Hoc|x64 = Ad-Hoc|x64
		Ad-Hoc|x86 = Ad-Hoc|x86
		AppStore|Any CPU = AppStore|Any CPU
		AppStore|ARM = AppStore|ARM
		AppStore|iPhone = AppStore|iPhone
		AppStore|iPhoneSimulator = AppStore|iPhoneSimulator
		AppStore|x64 = AppStore|x64
		AppStore|x86 = AppStore|x86
		Debug|Any CPU = Debug|Any CPU
		Debug|ARM = Debug|ARM
		Debug|iPhone = Debug|iPhone
		Debug|iPhoneSimulator = Debug|iPhoneSimulator
		Debug|x64 = Debug|x64
		Debug|x86 = Debug|x86
		Release|Any CPU = Release|Any CPU
		Release|ARM = Release|ARM
		Release|iPhone = Release|iPhone
		Release|iPhoneSimulator = Release|iPhoneSimulator
		Release|x64 = Release|x64
		Release|x86 = Release|x86
	EndGlobalSection
	GlobalSection(ProjectConfigurationPlatforms) = postSolution
		{D8BF71B4-994D-47BD-8371-FCA1BF5C30BB}.Ad-Hoc|Any CPU.ActiveCfg = Debug|Any CPU
		{D8BF71B4-994D-47BD-8371-FCA1BF5C30BB}.Ad-Hoc|Any CPU.Build.0 = Debug|Any CPU
		{D8BF71B4-994D-47BD-8371-FCA1BF5C30BB}.Ad-Hoc|ARM.ActiveCfg = Debug|Any CPU
		{D8BF71B4-994D-47BD-8371-FCA1BF5C30BB}.Ad-Hoc|ARM.Build.0 = Debug|Any CPU
		{D8BF71B4-994D-47BD-8371-FCA1BF5C30BB}.Ad-Hoc|iPhone.ActiveCfg = Debug|Any CPU
		{D8BF71B4-994D-47BD-8371-FCA1BF5C30BB}.Ad-Hoc|iPhone.Build.0 = Debug|Any CPU
		{D8BF71B4-994D-47BD-8371-FCA1BF5C30BB}.Ad-Hoc|iPhoneSimulator.ActiveCfg = Debug|Any CPU
		{D8BF71B4-994D-47BD-8371-FCA1BF5C30BB}.Ad-Hoc|iPhoneSimulator.Build.0 = Debug|Any CPU
		{D8BF71B4-994D-47BD-8371-FCA1BF5C30BB}.Ad-Hoc|x64.ActiveCfg = Debug|Any CPU
		{D8BF71B4-994D-47BD-8371-FCA1BF5C30BB}.Ad-Hoc|x64.Build.0 = Debug|Any CPU
		{D8BF71B4-994D-47BD-8371-FCA1BF5C30BB}.Ad-Hoc|x86.ActiveCfg = Debug|Any CPU
		{D8BF71B4-994D-47BD-8371-FCA1BF5C30BB}.Ad-Hoc|x86.Build.0 = Debug|Any CPU
		{D8BF71B4-994D-47BD-8371-FCA1BF5C30BB}.AppStore|Any CPU.ActiveCfg = Debug|Any CPU
		{D8BF71B4-994D-47BD-8371-FCA1BF5C30BB}.AppStore|Any CPU.Build.0 = Debug|Any CPU
		{D8BF71B4-994D-47BD-8371-FCA1BF5C30BB}.AppStore|ARM.ActiveCfg = Debug|Any CPU
		{D8BF71B4-994D-47BD-8371-FCA1BF5C30BB}.AppStore|ARM.Build.0 = Debug|Any CPU
		{D8BF71B4-994D-47BD-8371-FCA1BF5C30BB}.AppStore|iPhone.ActiveCfg = Debug|Any CPU
		{D8BF71B4-994D-47BD-8371-FCA1BF5C30BB}.AppStore|iPhone.Build.0 = Debug|Any CPU
		{D8BF71B4-994D-47BD-8371-FCA1BF5C30BB}.AppStore|iPhoneSimulator.ActiveCfg = Debug|Any CPU
		{D8BF71B4-994D-47BD-8371-FCA1BF5C30BB}.AppStore|iPhoneSimulator.Build.0 = Debug|Any CPU
		{D8BF71B4-994D-47BD-8371-FCA1BF5C30BB}.AppStore|x64.ActiveCfg = Debug|Any CPU
		{D8BF71B4-994D-47BD-8371-FCA1BF5C30BB}.AppStore|x64.Build.0 = Debug|Any CPU
		{D8BF71B4-994D-47BD-8371-FCA1BF5C30BB}.AppStore|x86.ActiveCfg = Debug|Any CPU
		{D8BF71B4-994D-47BD-8371-FCA1BF5C30BB}.AppStore|x86.Build.0 = Debug|Any CPU
		{D8BF71B4-994D-47BD-8371-FCA1BF5C30BB}.Debug|Any CPU.ActiveCfg = Debug|Any CPU
		{D8BF71B4-994D-47BD-8371-FCA1BF5C30BB}.Debug|Any CPU.Build.0 = Debug|Any CPU
		{D8BF71B4-994D-47BD-8371-FCA1BF5C30BB}.Debug|ARM.ActiveCfg = Debug|Any CPU
		{D8BF71B4-994D-47BD-8371-FCA1BF5C30BB}.Debug|ARM.Build.0 = Debug|Any CPU
		{D8BF71B4-994D-47BD-8371-FCA1BF5C30BB}.Debug|iPhone.ActiveCfg = Debug|Any CPU
		{D8BF71B4-994D-47BD-8371-FCA1BF5C30BB}.Debug|iPhone.Build.0 = Debug|Any CPU
		{D8BF71B4-994D-47BD-8371-FCA1BF5C30BB}.Debug|iPhoneSimulator.ActiveCfg = Debug|Any CPU
		{D8BF71B4-994D-47BD-8371-FCA1BF5C30BB}.Debug|iPhoneSimulator.Build.0 = Debug|Any CPU
		{D8BF71B4-994D-47BD-8371-FCA1BF5C30BB}.Debug|x64.ActiveCfg = Debug|Any CPU
		{D8BF71B4-994D-47BD-8371-FCA1BF5C30BB}.Debug|x64.Build.0 = Debug|Any CPU
		{D8BF71B4-994D-47BD-8371-FCA1BF5C30BB}.Debug|x86.ActiveCfg = Debug|Any CPU
		{D8BF71B4-994D-47BD-8371-FCA1BF5C30BB}.Debug|x86.Build.0 = Debug|Any CPU
		{D8BF71B4-994D-47BD-8371-FCA1BF5C30BB}.Release|Any CPU.ActiveCfg = Release|Any CPU
		{D8BF71B4-994D-47BD-8371-FCA1BF5C30BB}.Release|Any CPU.Build.0 = Release|Any CPU
		{D8BF71B4-994D-47BD-8371-FCA1BF5C30BB}.Release|ARM.ActiveCfg = Release|Any CPU
		{D8BF71B4-994D-47BD-8371-FCA1BF5C30BB}.Release|ARM.Build.0 = Release|Any CPU
		{D8BF71B4-994D-47BD-8371-FCA1BF5C30BB}.Release|iPhone.ActiveCfg = Release|Any CPU
		{D8BF71B4-994D-47BD-8371-FCA1BF5C30BB}.Release|iPhone.Build.0 = Release|Any CPU
		{D8BF71B4-994D-47BD-8371-FCA1BF5C30BB}.Release|iPhoneSimulator.ActiveCfg = Release|Any CPU
		{D8BF71B4-994D-47BD-8371-FCA1BF5C30BB}.Release|iPhoneSimulator.Build.0 = Release|Any CPU
		{D8BF71B4-994D-47BD-8371-FCA1BF5C30BB}.Release|x64.ActiveCfg = Release|Any CPU
		{D8BF71B4-994D-47BD-8371-FCA1BF5C30BB}.Release|x64.Build.0 = Release|Any CPU
		{D8BF71B4-994D-47BD-8371-FCA1BF5C30BB}.Release|x86.ActiveCfg = Release|Any CPU
		{D8BF71B4-994D-47BD-8371-FCA1BF5C30BB}.Release|x86.Build.0 = Release|Any CPU
		{B838F00D-A41D-47D8-8A38-B06AD57D6F38}.Ad-Hoc|Any CPU.ActiveCfg = Ad-Hoc|iPhone
		{B838F00D-A41D-47D8-8A38-B06AD57D6F38}.Ad-Hoc|ARM.ActiveCfg = Ad-Hoc|iPhone
		{B838F00D-A41D-47D8-8A38-B06AD57D6F38}.Ad-Hoc|iPhone.ActiveCfg = Ad-Hoc|iPhone
		{B838F00D-A41D-47D8-8A38-B06AD57D6F38}.Ad-Hoc|iPhone.Build.0 = Ad-Hoc|iPhone
		{B838F00D-A41D-47D8-8A38-B06AD57D6F38}.Ad-Hoc|iPhoneSimulator.ActiveCfg = Debug|iPhoneSimulator
		{B838F00D-A41D-47D8-8A38-B06AD57D6F38}.Ad-Hoc|iPhoneSimulator.Build.0 = Debug|iPhoneSimulator
		{B838F00D-A41D-47D8-8A38-B06AD57D6F38}.Ad-Hoc|x64.ActiveCfg = Ad-Hoc|iPhone
		{B838F00D-A41D-47D8-8A38-B06AD57D6F38}.Ad-Hoc|x86.ActiveCfg = Ad-Hoc|iPhone
		{B838F00D-A41D-47D8-8A38-B06AD57D6F38}.AppStore|Any CPU.ActiveCfg = AppStore|iPhone
		{B838F00D-A41D-47D8-8A38-B06AD57D6F38}.AppStore|ARM.ActiveCfg = AppStore|iPhone
		{B838F00D-A41D-47D8-8A38-B06AD57D6F38}.AppStore|iPhone.ActiveCfg = AppStore|iPhone
		{B838F00D-A41D-47D8-8A38-B06AD57D6F38}.AppStore|iPhone.Build.0 = AppStore|iPhone
		{B838F00D-A41D-47D8-8A38-B06AD57D6F38}.AppStore|iPhoneSimulator.ActiveCfg = Debug|iPhoneSimulator
		{B838F00D-A41D-47D8-8A38-B06AD57D6F38}.AppStore|iPhoneSimulator.Build.0 = Debug|iPhoneSimulator
		{B838F00D-A41D-47D8-8A38-B06AD57D6F38}.AppStore|x64.ActiveCfg = AppStore|iPhone
		{B838F00D-A41D-47D8-8A38-B06AD57D6F38}.AppStore|x86.ActiveCfg = AppStore|iPhone
		{B838F00D-A41D-47D8-8A38-B06AD57D6F38}.Debug|Any CPU.ActiveCfg = Debug|iPhoneSimulator
		{B838F00D-A41D-47D8-8A38-B06AD57D6F38}.Debug|ARM.ActiveCfg = Debug|iPhoneSimulator
		{B838F00D-A41D-47D8-8A38-B06AD57D6F38}.Debug|iPhone.ActiveCfg = Debug|iPhone
		{B838F00D-A41D-47D8-8A38-B06AD57D6F38}.Debug|iPhone.Build.0 = Debug|iPhone
		{B838F00D-A41D-47D8-8A38-B06AD57D6F38}.Debug|iPhoneSimulator.ActiveCfg = Debug|iPhoneSimulator
		{B838F00D-A41D-47D8-8A38-B06AD57D6F38}.Debug|iPhoneSimulator.Build.0 = Debug|iPhoneSimulator
		{B838F00D-A41D-47D8-8A38-B06AD57D6F38}.Debug|x64.ActiveCfg = Debug|iPhoneSimulator
		{B838F00D-A41D-47D8-8A38-B06AD57D6F38}.Debug|x86.ActiveCfg = Debug|iPhoneSimulator
		{B838F00D-A41D-47D8-8A38-B06AD57D6F38}.Release|Any CPU.ActiveCfg = Release|iPhoneSimulator
		{B838F00D-A41D-47D8-8A38-B06AD57D6F38}.Release|ARM.ActiveCfg = Release|iPhoneSimulator
		{B838F00D-A41D-47D8-8A38-B06AD57D6F38}.Release|iPhone.ActiveCfg = Release|iPhone
		{B838F00D-A41D-47D8-8A38-B06AD57D6F38}.Release|iPhone.Build.0 = Release|iPhone
		{B838F00D-A41D-47D8-8A38-B06AD57D6F38}.Release|iPhoneSimulator.ActiveCfg = Release|iPhoneSimulator
		{B838F00D-A41D-47D8-8A38-B06AD57D6F38}.Release|iPhoneSimulator.Build.0 = Release|iPhoneSimulator
		{B838F00D-A41D-47D8-8A38-B06AD57D6F38}.Release|x64.ActiveCfg = Release|iPhoneSimulator
		{B838F00D-A41D-47D8-8A38-B06AD57D6F38}.Release|x86.ActiveCfg = Release|iPhoneSimulator
		{B838F00D-A41D-47D8-8A38-B06AD57D6F38}.Ad-Hoc|Any CPU.Build.0 = Ad-Hoc|iPhone
		{B838F00D-A41D-47D8-8A38-B06AD57D6F38}.Ad-Hoc|ARM.Build.0 = Ad-Hoc|iPhone
		{B838F00D-A41D-47D8-8A38-B06AD57D6F38}.Ad-Hoc|x64.Build.0 = Ad-Hoc|iPhone
		{B838F00D-A41D-47D8-8A38-B06AD57D6F38}.Ad-Hoc|x86.Build.0 = Ad-Hoc|iPhone
		{B838F00D-A41D-47D8-8A38-B06AD57D6F38}.AppStore|Any CPU.Build.0 = AppStore|iPhone
		{B838F00D-A41D-47D8-8A38-B06AD57D6F38}.AppStore|ARM.Build.0 = AppStore|iPhone
		{B838F00D-A41D-47D8-8A38-B06AD57D6F38}.AppStore|x64.Build.0 = AppStore|iPhone
		{B838F00D-A41D-47D8-8A38-B06AD57D6F38}.AppStore|x86.Build.0 = AppStore|iPhone
		{B838F00D-A41D-47D8-8A38-B06AD57D6F38}.Debug|Any CPU.Build.0 = Debug|iPhoneSimulator
		{B838F00D-A41D-47D8-8A38-B06AD57D6F38}.Debug|ARM.Build.0 = Debug|iPhoneSimulator
		{B838F00D-A41D-47D8-8A38-B06AD57D6F38}.Debug|x64.Build.0 = Debug|iPhoneSimulator
		{B838F00D-A41D-47D8-8A38-B06AD57D6F38}.Debug|x86.Build.0 = Debug|iPhoneSimulator
		{B838F00D-A41D-47D8-8A38-B06AD57D6F38}.Release|Any CPU.Build.0 = Release|iPhoneSimulator
		{B838F00D-A41D-47D8-8A38-B06AD57D6F38}.Release|ARM.Build.0 = Release|iPhoneSimulator
		{B838F00D-A41D-47D8-8A38-B06AD57D6F38}.Release|x64.Build.0 = Release|iPhoneSimulator
		{B838F00D-A41D-47D8-8A38-B06AD57D6F38}.Release|x86.Build.0 = Release|iPhoneSimulator
		{69D24528-D7BE-4170-B57D-856F806B0FAE}.Ad-Hoc|Any CPU.ActiveCfg = Debug|Any CPU
		{69D24528-D7BE-4170-B57D-856F806B0FAE}.Ad-Hoc|Any CPU.Build.0 = Debug|Any CPU
		{69D24528-D7BE-4170-B57D-856F806B0FAE}.Ad-Hoc|ARM.ActiveCfg = Debug|Any CPU
		{69D24528-D7BE-4170-B57D-856F806B0FAE}.Ad-Hoc|ARM.Build.0 = Debug|Any CPU
		{69D24528-D7BE-4170-B57D-856F806B0FAE}.Ad-Hoc|iPhone.ActiveCfg = Debug|Any CPU
		{69D24528-D7BE-4170-B57D-856F806B0FAE}.Ad-Hoc|iPhone.Build.0 = Debug|Any CPU
		{69D24528-D7BE-4170-B57D-856F806B0FAE}.Ad-Hoc|iPhoneSimulator.ActiveCfg = Debug|Any CPU
		{69D24528-D7BE-4170-B57D-856F806B0FAE}.Ad-Hoc|iPhoneSimulator.Build.0 = Debug|Any CPU
		{69D24528-D7BE-4170-B57D-856F806B0FAE}.Ad-Hoc|x64.ActiveCfg = Debug|Any CPU
		{69D24528-D7BE-4170-B57D-856F806B0FAE}.Ad-Hoc|x64.Build.0 = Debug|Any CPU
		{69D24528-D7BE-4170-B57D-856F806B0FAE}.Ad-Hoc|x86.ActiveCfg = Debug|Any CPU
		{69D24528-D7BE-4170-B57D-856F806B0FAE}.Ad-Hoc|x86.Build.0 = Debug|Any CPU
		{69D24528-D7BE-4170-B57D-856F806B0FAE}.AppStore|Any CPU.ActiveCfg = Debug|Any CPU
		{69D24528-D7BE-4170-B57D-856F806B0FAE}.AppStore|Any CPU.Build.0 = Debug|Any CPU
		{69D24528-D7BE-4170-B57D-856F806B0FAE}.AppStore|ARM.ActiveCfg = Debug|Any CPU
		{69D24528-D7BE-4170-B57D-856F806B0FAE}.AppStore|ARM.Build.0 = Debug|Any CPU
		{69D24528-D7BE-4170-B57D-856F806B0FAE}.AppStore|iPhone.ActiveCfg = Debug|Any CPU
		{69D24528-D7BE-4170-B57D-856F806B0FAE}.AppStore|iPhone.Build.0 = Debug|Any CPU
		{69D24528-D7BE-4170-B57D-856F806B0FAE}.AppStore|iPhoneSimulator.ActiveCfg = Debug|Any CPU
		{69D24528-D7BE-4170-B57D-856F806B0FAE}.AppStore|iPhoneSimulator.Build.0 = Debug|Any CPU
		{69D24528-D7BE-4170-B57D-856F806B0FAE}.AppStore|x64.ActiveCfg = Debug|Any CPU
		{69D24528-D7BE-4170-B57D-856F806B0FAE}.AppStore|x64.Build.0 = Debug|Any CPU
		{69D24528-D7BE-4170-B57D-856F806B0FAE}.AppStore|x86.ActiveCfg = Debug|Any CPU
		{69D24528-D7BE-4170-B57D-856F806B0FAE}.AppStore|x86.Build.0 = Debug|Any CPU
		{69D24528-D7BE-4170-B57D-856F806B0FAE}.Debug|Any CPU.ActiveCfg = Debug|Any CPU
		{69D24528-D7BE-4170-B57D-856F806B0FAE}.Debug|Any CPU.Build.0 = Debug|Any CPU
		{69D24528-D7BE-4170-B57D-856F806B0FAE}.Debug|ARM.ActiveCfg = Debug|Any CPU
		{69D24528-D7BE-4170-B57D-856F806B0FAE}.Debug|ARM.Build.0 = Debug|Any CPU
		{69D24528-D7BE-4170-B57D-856F806B0FAE}.Debug|iPhone.ActiveCfg = Debug|Any CPU
		{69D24528-D7BE-4170-B57D-856F806B0FAE}.Debug|iPhone.Build.0 = Debug|Any CPU
		{69D24528-D7BE-4170-B57D-856F806B0FAE}.Debug|iPhoneSimulator.ActiveCfg = Debug|Any CPU
		{69D24528-D7BE-4170-B57D-856F806B0FAE}.Debug|iPhoneSimulator.Build.0 = Debug|Any CPU
		{69D24528-D7BE-4170-B57D-856F806B0FAE}.Debug|x64.ActiveCfg = Debug|Any CPU
		{69D24528-D7BE-4170-B57D-856F806B0FAE}.Debug|x64.Build.0 = Debug|Any CPU
		{69D24528-D7BE-4170-B57D-856F806B0FAE}.Debug|x86.ActiveCfg = Debug|Any CPU
		{69D24528-D7BE-4170-B57D-856F806B0FAE}.Debug|x86.Build.0 = Debug|Any CPU
		{69D24528-D7BE-4170-B57D-856F806B0FAE}.Release|Any CPU.ActiveCfg = Release|Any CPU
		{69D24528-D7BE-4170-B57D-856F806B0FAE}.Release|Any CPU.Build.0 = Release|Any CPU
		{69D24528-D7BE-4170-B57D-856F806B0FAE}.Release|ARM.ActiveCfg = Release|Any CPU
		{69D24528-D7BE-4170-B57D-856F806B0FAE}.Release|ARM.Build.0 = Release|Any CPU
		{69D24528-D7BE-4170-B57D-856F806B0FAE}.Release|iPhone.ActiveCfg = Release|Any CPU
		{69D24528-D7BE-4170-B57D-856F806B0FAE}.Release|iPhone.Build.0 = Release|Any CPU
		{69D24528-D7BE-4170-B57D-856F806B0FAE}.Release|iPhoneSimulator.ActiveCfg = Release|Any CPU
		{69D24528-D7BE-4170-B57D-856F806B0FAE}.Release|iPhoneSimulator.Build.0 = Release|Any CPU
		{69D24528-D7BE-4170-B57D-856F806B0FAE}.Release|x64.ActiveCfg = Release|Any CPU
		{69D24528-D7BE-4170-B57D-856F806B0FAE}.Release|x64.Build.0 = Release|Any CPU
		{69D24528-D7BE-4170-B57D-856F806B0FAE}.Release|x86.ActiveCfg = Release|Any CPU
		{69D24528-D7BE-4170-B57D-856F806B0FAE}.Release|x86.Build.0 = Release|Any CPU
		{487191D6-C9BC-4842-A5A0-7CC9BC7940CC}.Ad-Hoc|Any CPU.ActiveCfg = Release|Any CPU
		{487191D6-C9BC-4842-A5A0-7CC9BC7940CC}.Ad-Hoc|Any CPU.Build.0 = Release|Any CPU
		{487191D6-C9BC-4842-A5A0-7CC9BC7940CC}.Ad-Hoc|ARM.ActiveCfg = Release|Any CPU
		{487191D6-C9BC-4842-A5A0-7CC9BC7940CC}.Ad-Hoc|ARM.Build.0 = Release|Any CPU
		{487191D6-C9BC-4842-A5A0-7CC9BC7940CC}.Ad-Hoc|iPhone.ActiveCfg = Release|Any CPU
		{487191D6-C9BC-4842-A5A0-7CC9BC7940CC}.Ad-Hoc|iPhone.Build.0 = Release|Any CPU
		{487191D6-C9BC-4842-A5A0-7CC9BC7940CC}.Ad-Hoc|iPhoneSimulator.ActiveCfg = Debug|Any CPU
		{487191D6-C9BC-4842-A5A0-7CC9BC7940CC}.Ad-Hoc|iPhoneSimulator.Build.0 = Debug|Any CPU
		{487191D6-C9BC-4842-A5A0-7CC9BC7940CC}.Ad-Hoc|x64.ActiveCfg = Release|Any CPU
		{487191D6-C9BC-4842-A5A0-7CC9BC7940CC}.Ad-Hoc|x64.Build.0 = Release|Any CPU
		{487191D6-C9BC-4842-A5A0-7CC9BC7940CC}.Ad-Hoc|x86.ActiveCfg = Release|Any CPU
		{487191D6-C9BC-4842-A5A0-7CC9BC7940CC}.Ad-Hoc|x86.Build.0 = Release|Any CPU
		{487191D6-C9BC-4842-A5A0-7CC9BC7940CC}.AppStore|Any CPU.ActiveCfg = Release|Any CPU
		{487191D6-C9BC-4842-A5A0-7CC9BC7940CC}.AppStore|Any CPU.Build.0 = Release|Any CPU
		{487191D6-C9BC-4842-A5A0-7CC9BC7940CC}.AppStore|ARM.ActiveCfg = Release|Any CPU
		{487191D6-C9BC-4842-A5A0-7CC9BC7940CC}.AppStore|ARM.Build.0 = Release|Any CPU
		{487191D6-C9BC-4842-A5A0-7CC9BC7940CC}.AppStore|iPhone.ActiveCfg = Release|Any CPU
		{487191D6-C9BC-4842-A5A0-7CC9BC7940CC}.AppStore|iPhone.Build.0 = Release|Any CPU
		{487191D6-C9BC-4842-A5A0-7CC9BC7940CC}.AppStore|iPhoneSimulator.ActiveCfg = Debug|Any CPU
		{487191D6-C9BC-4842-A5A0-7CC9BC7940CC}.AppStore|iPhoneSimulator.Build.0 = Debug|Any CPU
		{487191D6-C9BC-4842-A5A0-7CC9BC7940CC}.AppStore|x64.ActiveCfg = Release|Any CPU
		{487191D6-C9BC-4842-A5A0-7CC9BC7940CC}.AppStore|x64.Build.0 = Release|Any CPU
		{487191D6-C9BC-4842-A5A0-7CC9BC7940CC}.AppStore|x86.ActiveCfg = Release|Any CPU
		{487191D6-C9BC-4842-A5A0-7CC9BC7940CC}.AppStore|x86.Build.0 = Release|Any CPU
		{487191D6-C9BC-4842-A5A0-7CC9BC7940CC}.Debug|Any CPU.ActiveCfg = Debug|Any CPU
		{487191D6-C9BC-4842-A5A0-7CC9BC7940CC}.Debug|Any CPU.Build.0 = Debug|Any CPU
		{487191D6-C9BC-4842-A5A0-7CC9BC7940CC}.Debug|ARM.ActiveCfg = Debug|Any CPU
		{487191D6-C9BC-4842-A5A0-7CC9BC7940CC}.Debug|ARM.Build.0 = Debug|Any CPU
		{487191D6-C9BC-4842-A5A0-7CC9BC7940CC}.Debug|iPhone.ActiveCfg = Debug|Any CPU
		{487191D6-C9BC-4842-A5A0-7CC9BC7940CC}.Debug|iPhone.Build.0 = Debug|Any CPU
		{487191D6-C9BC-4842-A5A0-7CC9BC7940CC}.Debug|iPhoneSimulator.ActiveCfg = Debug|Any CPU
		{487191D6-C9BC-4842-A5A0-7CC9BC7940CC}.Debug|iPhoneSimulator.Build.0 = Debug|Any CPU
		{487191D6-C9BC-4842-A5A0-7CC9BC7940CC}.Debug|x64.ActiveCfg = Debug|Any CPU
		{487191D6-C9BC-4842-A5A0-7CC9BC7940CC}.Debug|x64.Build.0 = Debug|Any CPU
		{487191D6-C9BC-4842-A5A0-7CC9BC7940CC}.Debug|x86.ActiveCfg = Debug|Any CPU
		{487191D6-C9BC-4842-A5A0-7CC9BC7940CC}.Debug|x86.Build.0 = Debug|Any CPU
		{487191D6-C9BC-4842-A5A0-7CC9BC7940CC}.Release|Any CPU.ActiveCfg = Release|Any CPU
		{487191D6-C9BC-4842-A5A0-7CC9BC7940CC}.Release|Any CPU.Build.0 = Release|Any CPU
		{487191D6-C9BC-4842-A5A0-7CC9BC7940CC}.Release|ARM.ActiveCfg = Release|Any CPU
		{487191D6-C9BC-4842-A5A0-7CC9BC7940CC}.Release|ARM.Build.0 = Release|Any CPU
		{487191D6-C9BC-4842-A5A0-7CC9BC7940CC}.Release|iPhone.ActiveCfg = Release|Any CPU
		{487191D6-C9BC-4842-A5A0-7CC9BC7940CC}.Release|iPhone.Build.0 = Release|Any CPU
		{487191D6-C9BC-4842-A5A0-7CC9BC7940CC}.Release|iPhoneSimulator.ActiveCfg = Release|Any CPU
		{487191D6-C9BC-4842-A5A0-7CC9BC7940CC}.Release|iPhoneSimulator.Build.0 = Release|Any CPU
		{487191D6-C9BC-4842-A5A0-7CC9BC7940CC}.Release|x64.ActiveCfg = Release|Any CPU
		{487191D6-C9BC-4842-A5A0-7CC9BC7940CC}.Release|x64.Build.0 = Release|Any CPU
		{487191D6-C9BC-4842-A5A0-7CC9BC7940CC}.Release|x86.ActiveCfg = Release|Any CPU
		{487191D6-C9BC-4842-A5A0-7CC9BC7940CC}.Release|x86.Build.0 = Release|Any CPU
		{86F4F169-D42C-4BC4-BE2A-94ACEFCB1DBA}.Ad-Hoc|Any CPU.ActiveCfg = Release|Any CPU
		{86F4F169-D42C-4BC4-BE2A-94ACEFCB1DBA}.Ad-Hoc|Any CPU.Build.0 = Release|Any CPU
		{86F4F169-D42C-4BC4-BE2A-94ACEFCB1DBA}.Ad-Hoc|ARM.ActiveCfg = Release|Any CPU
		{86F4F169-D42C-4BC4-BE2A-94ACEFCB1DBA}.Ad-Hoc|ARM.Build.0 = Release|Any CPU
		{86F4F169-D42C-4BC4-BE2A-94ACEFCB1DBA}.Ad-Hoc|iPhone.ActiveCfg = Release|Any CPU
		{86F4F169-D42C-4BC4-BE2A-94ACEFCB1DBA}.Ad-Hoc|iPhone.Build.0 = Release|Any CPU
		{86F4F169-D42C-4BC4-BE2A-94ACEFCB1DBA}.Ad-Hoc|iPhoneSimulator.ActiveCfg = Debug|Any CPU
		{86F4F169-D42C-4BC4-BE2A-94ACEFCB1DBA}.Ad-Hoc|iPhoneSimulator.Build.0 = Debug|Any CPU
		{86F4F169-D42C-4BC4-BE2A-94ACEFCB1DBA}.Ad-Hoc|x64.ActiveCfg = Release|Any CPU
		{86F4F169-D42C-4BC4-BE2A-94ACEFCB1DBA}.Ad-Hoc|x64.Build.0 = Release|Any CPU
		{86F4F169-D42C-4BC4-BE2A-94ACEFCB1DBA}.Ad-Hoc|x86.ActiveCfg = Release|Any CPU
		{86F4F169-D42C-4BC4-BE2A-94ACEFCB1DBA}.Ad-Hoc|x86.Build.0 = Release|Any CPU
		{86F4F169-D42C-4BC4-BE2A-94ACEFCB1DBA}.AppStore|Any CPU.ActiveCfg = Release|Any CPU
		{86F4F169-D42C-4BC4-BE2A-94ACEFCB1DBA}.AppStore|Any CPU.Build.0 = Release|Any CPU
		{86F4F169-D42C-4BC4-BE2A-94ACEFCB1DBA}.AppStore|ARM.ActiveCfg = Release|Any CPU
		{86F4F169-D42C-4BC4-BE2A-94ACEFCB1DBA}.AppStore|ARM.Build.0 = Release|Any CPU
		{86F4F169-D42C-4BC4-BE2A-94ACEFCB1DBA}.AppStore|iPhone.ActiveCfg = Release|Any CPU
		{86F4F169-D42C-4BC4-BE2A-94ACEFCB1DBA}.AppStore|iPhone.Build.0 = Release|Any CPU
		{86F4F169-D42C-4BC4-BE2A-94ACEFCB1DBA}.AppStore|iPhoneSimulator.ActiveCfg = Debug|Any CPU
		{86F4F169-D42C-4BC4-BE2A-94ACEFCB1DBA}.AppStore|iPhoneSimulator.Build.0 = Debug|Any CPU
		{86F4F169-D42C-4BC4-BE2A-94ACEFCB1DBA}.AppStore|x64.ActiveCfg = Release|Any CPU
		{86F4F169-D42C-4BC4-BE2A-94ACEFCB1DBA}.AppStore|x64.Build.0 = Release|Any CPU
		{86F4F169-D42C-4BC4-BE2A-94ACEFCB1DBA}.AppStore|x86.ActiveCfg = Release|Any CPU
		{86F4F169-D42C-4BC4-BE2A-94ACEFCB1DBA}.AppStore|x86.Build.0 = Release|Any CPU
		{86F4F169-D42C-4BC4-BE2A-94ACEFCB1DBA}.Debug|Any CPU.ActiveCfg = Debug|Any CPU
		{86F4F169-D42C-4BC4-BE2A-94ACEFCB1DBA}.Debug|Any CPU.Build.0 = Debug|Any CPU
		{86F4F169-D42C-4BC4-BE2A-94ACEFCB1DBA}.Debug|ARM.ActiveCfg = Debug|Any CPU
		{86F4F169-D42C-4BC4-BE2A-94ACEFCB1DBA}.Debug|ARM.Build.0 = Debug|Any CPU
		{86F4F169-D42C-4BC4-BE2A-94ACEFCB1DBA}.Debug|iPhone.ActiveCfg = Debug|Any CPU
		{86F4F169-D42C-4BC4-BE2A-94ACEFCB1DBA}.Debug|iPhone.Build.0 = Debug|Any CPU
		{86F4F169-D42C-4BC4-BE2A-94ACEFCB1DBA}.Debug|iPhoneSimulator.ActiveCfg = Debug|Any CPU
		{86F4F169-D42C-4BC4-BE2A-94ACEFCB1DBA}.Debug|iPhoneSimulator.Build.0 = Debug|Any CPU
		{86F4F169-D42C-4BC4-BE2A-94ACEFCB1DBA}.Debug|x64.ActiveCfg = Debug|Any CPU
		{86F4F169-D42C-4BC4-BE2A-94ACEFCB1DBA}.Debug|x64.Build.0 = Debug|Any CPU
		{86F4F169-D42C-4BC4-BE2A-94ACEFCB1DBA}.Debug|x86.ActiveCfg = Debug|Any CPU
		{86F4F169-D42C-4BC4-BE2A-94ACEFCB1DBA}.Debug|x86.Build.0 = Debug|Any CPU
		{86F4F169-D42C-4BC4-BE2A-94ACEFCB1DBA}.Release|Any CPU.ActiveCfg = Release|Any CPU
		{86F4F169-D42C-4BC4-BE2A-94ACEFCB1DBA}.Release|Any CPU.Build.0 = Release|Any CPU
		{86F4F169-D42C-4BC4-BE2A-94ACEFCB1DBA}.Release|ARM.ActiveCfg = Release|Any CPU
		{86F4F169-D42C-4BC4-BE2A-94ACEFCB1DBA}.Release|ARM.Build.0 = Release|Any CPU
		{86F4F169-D42C-4BC4-BE2A-94ACEFCB1DBA}.Release|iPhone.ActiveCfg = Release|Any CPU
		{86F4F169-D42C-4BC4-BE2A-94ACEFCB1DBA}.Release|iPhone.Build.0 = Release|Any CPU
		{86F4F169-D42C-4BC4-BE2A-94ACEFCB1DBA}.Release|iPhoneSimulator.ActiveCfg = Release|Any CPU
		{86F4F169-D42C-4BC4-BE2A-94ACEFCB1DBA}.Release|iPhoneSimulator.Build.0 = Release|Any CPU
		{86F4F169-D42C-4BC4-BE2A-94ACEFCB1DBA}.Release|x64.ActiveCfg = Release|Any CPU
		{86F4F169-D42C-4BC4-BE2A-94ACEFCB1DBA}.Release|x64.Build.0 = Release|Any CPU
		{86F4F169-D42C-4BC4-BE2A-94ACEFCB1DBA}.Release|x86.ActiveCfg = Release|Any CPU
		{86F4F169-D42C-4BC4-BE2A-94ACEFCB1DBA}.Release|x86.Build.0 = Release|Any CPU
	EndGlobalSection
	GlobalSection(SolutionProperties) = preSolution
		HideSolutionNode = FALSE
	EndGlobalSection
	GlobalSection(NestedProjects) = preSolution
		{487191D6-C9BC-4842-A5A0-7CC9BC7940CC} = {21FBFA5E-EB4A-45FA-921E-DD1289B745D4}
		{86F4F169-D42C-4BC4-BE2A-94ACEFCB1DBA} = {21FBFA5E-EB4A-45FA-921E-DD1289B745D4}
	EndGlobalSection
	GlobalSection(ExtensibilityGlobals) = postSolution
		SolutionGuid = {89486312-9E0A-4C37-9633-E466AD1F96FA}
	EndGlobalSection
EndGlobal
